// !$*UTF8*$!
{
	archiveVersion = 1;
	classes = {
	};
	objectVersion = 50;
	objects = {

/* Begin PBXBuildFile section */
		B4A900392489752200FCD15E /* TXTTextService.m in Sources */ = {isa = PBXBuildFile; fileRef = B4A900382489752200FCD15E /* TXTTextService.m */; };
		B4A9003B2489752200FCD15E /* main.m in Sources */ = {isa = PBXBuildFile; fileRef = B4A9003A2489752200FCD15E /* main.m */; };
		B4A9007B24897B0700FCD15E /* TextServiceAPI.framework in Frameworks */ = {isa = PBXBuildFile; fileRef = B4A9007A24897B0700FCD15E /* TextServiceAPI.framework */; };
		B4A9007C24897B0700FCD15E /* TextServiceAPI.framework in Embed Frameworks */ = {isa = PBXBuildFile; fileRef = B4A9007A24897B0700FCD15E /* TextServiceAPI.framework */; settings = {ATTRIBUTES = (CodeSignOnCopy, RemoveHeadersOnCopy, ); }; };
		B4A9008824897BE800FCD15E /* TXTTextServiceDelegate.m in Sources */ = {isa = PBXBuildFile; fileRef = B4A9008724897BE800FCD15E /* TXTTextServiceDelegate.m */; };
/* End PBXBuildFile section */

/* Begin PBXCopyFilesBuildPhase section */
		B4A9007D24897B0700FCD15E /* Embed Frameworks */ = {
			isa = PBXCopyFilesBuildPhase;
			buildActionMask = 2147483647;
			dstPath = "";
			dstSubfolderSpec = 10;
			files = (
				B4A9007C24897B0700FCD15E /* TextServiceAPI.framework in Embed Frameworks */,
			);
			name = "Embed Frameworks";
			runOnlyForDeploymentPostprocessing = 0;
		};
/* End PBXCopyFilesBuildPhase section */

/* Begin PBXFileReference section */
		B4A900332489752200FCD15E /* TextService.xpc */ = {isa = PBXFileReference; explicitFileType = "wrapper.xpc-service"; includeInIndex = 0; path = TextService.xpc; sourceTree = BUILT_PRODUCTS_DIR; };
		B4A900372489752200FCD15E /* TXTTextService.h */ = {isa = PBXFileReference; lastKnownFileType = sourcecode.c.h; path = TXTTextService.h; sourceTree = "<group>"; };
		B4A900382489752200FCD15E /* TXTTextService.m */ = {isa = PBXFileReference; lastKnownFileType = sourcecode.c.objc; path = TXTTextService.m; sourceTree = "<group>"; };
		B4A9003A2489752200FCD15E /* main.m */ = {isa = PBXFileReference; lastKnownFileType = sourcecode.c.objc; path = main.m; sourceTree = "<group>"; };
		B4A9003C2489752200FCD15E /* Info.plist */ = {isa = PBXFileReference; lastKnownFileType = text.plist.xml; path = Info.plist; sourceTree = "<group>"; };
		B4A9007A24897B0700FCD15E /* TextServiceAPI.framework */ = {isa = PBXFileReference; explicitFileType = wrapper.framework; path = TextServiceAPI.framework; sourceTree = BUILT_PRODUCTS_DIR; };
		B4A9008624897BE800FCD15E /* TXTTextServiceDelegate.h */ = {isa = PBXFileReference; lastKnownFileType = sourcecode.c.h; path = TXTTextServiceDelegate.h; sourceTree = "<group>"; };
		B4A9008724897BE800FCD15E /* TXTTextServiceDelegate.m */ = {isa = PBXFileReference; lastKnownFileType = sourcecode.c.objc; path = TXTTextServiceDelegate.m; sourceTree = "<group>"; };
/* End PBXFileReference section */

/* Begin PBXFrameworksBuildPhase section */
		B4A900302489752200FCD15E /* Frameworks */ = {
			isa = PBXFrameworksBuildPhase;
			buildActionMask = 2147483647;
			files = (
				B4A9007B24897B0700FCD15E /* TextServiceAPI.framework in Frameworks */,
			);
			runOnlyForDeploymentPostprocessing = 0;
		};
/* End PBXFrameworksBuildPhase section */

/* Begin PBXGroup section */
		B4A9002A2489752200FCD15E = {
			isa = PBXGroup;
			children = (
				B4A900352489752200FCD15E /* TextService */,
				B4A900342489752200FCD15E /* Products */,
				B4A9007924897B0700FCD15E /* Frameworks */,
			);
			sourceTree = "<group>";
		};
		B4A900342489752200FCD15E /* Products */ = {
			isa = PBXGroup;
			children = (
				B4A900332489752200FCD15E /* TextService.xpc */,
			);
			name = Products;
			sourceTree = "<group>";
		};
		B4A900352489752200FCD15E /* TextService */ = {
			isa = PBXGroup;
			children = (
				B4A900372489752200FCD15E /* TXTTextService.h */,
				B4A900382489752200FCD15E /* TXTTextService.m */,
				B4A9008624897BE800FCD15E /* TXTTextServiceDelegate.h */,
				B4A9008724897BE800FCD15E /* TXTTextServiceDelegate.m */,
				B4A9003A2489752200FCD15E /* main.m */,
				B4A9003C2489752200FCD15E /* Info.plist */,
			);
			path = TextService;
			sourceTree = "<group>";
		};
		B4A9007924897B0700FCD15E /* Frameworks */ = {
			isa = PBXGroup;
			children = (
				B4A9007A24897B0700FCD15E /* TextServiceAPI.framework */,
			);
			name = Frameworks;
			sourceTree = "<group>";
		};
/* End PBXGroup section */

/* Begin PBXNativeTarget section */
		B4A900322489752200FCD15E /* TextService */ = {
			isa = PBXNativeTarget;
			buildConfigurationList = B4A9003F2489752200FCD15E /* Build configuration list for PBXNativeTarget "TextService" */;
			buildPhases = (
				B4A9002F2489752200FCD15E /* Sources */,
				B4A900302489752200FCD15E /* Frameworks */,
				B4A900312489752200FCD15E /* Resources */,
				B4A9007D24897B0700FCD15E /* Embed Frameworks */,
			);
			buildRules = (
			);
			dependencies = (
			);
			name = TextService;
			productName = TextService;
			productReference = B4A900332489752200FCD15E /* TextService.xpc */;
			productType = "com.apple.product-type.xpc-service";
		};
/* End PBXNativeTarget section */

/* Begin PBXProject section */
		B4A9002B2489752200FCD15E /* Project object */ = {
			isa = PBXProject;
			attributes = {
				LastUpgradeCheck = 1150;
				ORGANIZATIONNAME = "About Objects";
				TargetAttributes = {
					B4A900322489752200FCD15E = {
						CreatedOnToolsVersion = 11.5;
					};
				};
			};
			buildConfigurationList = B4A9002E2489752200FCD15E /* Build configuration list for PBXProject "TextService" */;
			compatibilityVersion = "Xcode 9.3";
			developmentRegion = en;
			hasScannedForEncodings = 0;
			knownRegions = (
				en,
				Base,
			);
			mainGroup = B4A9002A2489752200FCD15E;
			productRefGroup = B4A900342489752200FCD15E /* Products */;
			projectDirPath = "";
			projectRoot = "";
			targets = (
				B4A900322489752200FCD15E /* TextService */,
			);
		};
/* End PBXProject section */

/* Begin PBXResourcesBuildPhase section */
		B4A900312489752200FCD15E /* Resources */ = {
			isa = PBXResourcesBuildPhase;
			buildActionMask = 2147483647;
			files = (
			);
			runOnlyForDeploymentPostprocessing = 0;
		};
/* End PBXResourcesBuildPhase section */

/* Begin PBXSourcesBuildPhase section */
		B4A9002F2489752200FCD15E /* Sources */ = {
			isa = PBXSourcesBuildPhase;
			buildActionMask = 2147483647;
			files = (
				B4A9003B2489752200FCD15E /* main.m in Sources */,
				B4A9008824897BE800FCD15E /* TXTTextServiceDelegate.m in Sources */,
				B4A900392489752200FCD15E /* TXTTextService.m in Sources */,
			);
			runOnlyForDeploymentPostprocessing = 0;
		};
/* End PBXSourcesBuildPhase section */

/* Begin XCBuildConfiguration section */
		B4A9003D2489752200FCD15E /* Debug */ = {
			isa = XCBuildConfiguration;
			buildSettings = {
				ALWAYS_SEARCH_USER_PATHS = NO;
				CLANG_ANALYZER_NONNULL = YES;
				CLANG_ANALYZER_NUMBER_OBJECT_CONVERSION = YES_AGGRESSIVE;
				CLANG_CXX_LANGUAGE_STANDARD = "gnu++14";
				CLANG_CXX_LIBRARY = "libc++";
				CLANG_ENABLE_MODULES = YES;
				CLANG_ENABLE_OBJC_ARC = YES;
				CLANG_ENABLE_OBJC_WEAK = YES;
				CLANG_WARN_BLOCK_CAPTURE_AUTORELEASING = YES;
				CLANG_WARN_BOOL_CONVERSION = YES;
				CLANG_WARN_COMMA = YES;
				CLANG_WARN_CONSTANT_CONVERSION = YES;
				CLANG_WARN_DEPRECATED_OBJC_IMPLEMENTATIONS = YES;
				CLANG_WARN_DIRECT_OBJC_ISA_USAGE = YES_ERROR;
				CLANG_WARN_DOCUMENTATION_COMMENTS = YES;
				CLANG_WARN_EMPTY_BODY = YES;
				CLANG_WARN_ENUM_CONVERSION = YES;
				CLANG_WARN_INFINITE_RECURSION = YES;
				CLANG_WARN_INT_CONVERSION = YES;
				CLANG_WARN_NON_LITERAL_NULL_CONVERSION = YES;
				CLANG_WARN_OBJC_IMPLICIT_RETAIN_SELF = YES;
				CLANG_WARN_OBJC_LITERAL_CONVERSION = YES;
				CLANG_WARN_OBJC_ROOT_CLASS = YES_ERROR;
				CLANG_WARN_RANGE_LOOP_ANALYSIS = YES;
				CLANG_WARN_STRICT_PROTOTYPES = YES;
				CLANG_WARN_SUSPICIOUS_MOVE = YES;
				CLANG_WARN_UNGUARDED_AVAILABILITY = YES_AGGRESSIVE;
				CLANG_WARN_UNREACHABLE_CODE = YES;
				CLANG_WARN__DUPLICATE_METHOD_MATCH = YES;
				COPY_PHASE_STRIP = NO;
				DEBUG_INFORMATION_FORMAT = dwarf;
				ENABLE_STRICT_OBJC_MSGSEND = YES;
				ENABLE_TESTABILITY = YES;
				GCC_C_LANGUAGE_STANDARD = gnu11;
				GCC_DYNAMIC_NO_PIC = NO;
				GCC_NO_COMMON_BLOCKS = YES;
				GCC_OPTIMIZATION_LEVEL = 0;
				GCC_PREPROCESSOR_DEFINITIONS = (
					"DEBUG=1",
					"$(inherited)",
				);
				GCC_WARN_64_TO_32_BIT_CONVERSION = YES;
				GCC_WARN_ABOUT_RETURN_TYPE = YES_ERROR;
				GCC_WARN_UNDECLARED_SELECTOR = YES;
				GCC_WARN_UNINITIALIZED_AUTOS = YES_AGGRESSIVE;
				GCC_WARN_UNUSED_FUNCTION = YES;
				GCC_WARN_UNUSED_VARIABLE = YES;
				MACOSX_DEPLOYMENT_TARGET = 10.15;
				MTL_ENABLE_DEBUG_INFO = INCLUDE_SOURCE;
				MTL_FAST_MATH = YES;
				ONLY_ACTIVE_ARCH = YES;
				SDKROOT = macosx;
			};
			name = Debug;
		};
		B4A9003E2489752200FCD15E /* Release */ = {
			isa = XCBuildConfiguration;
			buildSettings = {
				ALWAYS_SEARCH_USER_PATHS = NO;
				CLANG_ANALYZER_NONNULL = YES;
				CLANG_ANALYZER_NUMBER_OBJECT_CONVERSION = YES_AGGRESSIVE;
				CLANG_CXX_LANGUAGE_STANDARD = "gnu++14";
				CLANG_CXX_LIBRARY = "libc++";
				CLANG_ENABLE_MODULES = YES;
				CLANG_ENABLE_OBJC_ARC = YES;
				CLANG_ENABLE_OBJC_WEAK = YES;
				CLANG_WARN_BLOCK_CAPTURE_AUTORELEASING = YES;
				CLANG_WARN_BOOL_CONVERSION = YES;
				CLANG_WARN_COMMA = YES;
				CLANG_WARN_CONSTANT_CONVERSION = YES;
				CLANG_WARN_DEPRECATED_OBJC_IMPLEMENTATIONS = YES;
				CLANG_WARN_DIRECT_OBJC_ISA_USAGE = YES_ERROR;
				CLANG_WARN_DOCUMENTATION_COMMENTS = YES;
				CLANG_WARN_EMPTY_BODY = YES;
				CLANG_WARN_ENUM_CONVERSION = YES;
				CLANG_WARN_INFINITE_RECURSION = YES;
				CLANG_WARN_INT_CONVERSION = YES;
				CLANG_WARN_NON_LITERAL_NULL_CONVERSION = YES;
				CLANG_WARN_OBJC_IMPLICIT_RETAIN_SELF = YES;
				CLANG_WARN_OBJC_LITERAL_CONVERSION = YES;
				CLANG_WARN_OBJC_ROOT_CLASS = YES_ERROR;
				CLANG_WARN_RANGE_LOOP_ANALYSIS = YES;
				CLANG_WARN_STRICT_PROTOTYPES = YES;
				CLANG_WARN_SUSPICIOUS_MOVE = YES;
				CLANG_WARN_UNGUARDED_AVAILABILITY = YES_AGGRESSIVE;
				CLANG_WARN_UNREACHABLE_CODE = YES;
				CLANG_WARN__DUPLICATE_METHOD_MATCH = YES;
				COPY_PHASE_STRIP = NO;
				DEBUG_INFORMATION_FORMAT = "dwarf-with-dsym";
				ENABLE_NS_ASSERTIONS = NO;
				ENABLE_STRICT_OBJC_MSGSEND = YES;
				GCC_C_LANGUAGE_STANDARD = gnu11;
				GCC_NO_COMMON_BLOCKS = YES;
				GCC_WARN_64_TO_32_BIT_CONVERSION = YES;
				GCC_WARN_ABOUT_RETURN_TYPE = YES_ERROR;
				GCC_WARN_UNDECLARED_SELECTOR = YES;
				GCC_WARN_UNINITIALIZED_AUTOS = YES_AGGRESSIVE;
				GCC_WARN_UNUSED_FUNCTION = YES;
				GCC_WARN_UNUSED_VARIABLE = YES;
				MACOSX_DEPLOYMENT_TARGET = 10.15;
				MTL_ENABLE_DEBUG_INFO = NO;
				MTL_FAST_MATH = YES;
				SDKROOT = macosx;
			};
			name = Release;
		};
		B4A900402489752200FCD15E /* Debug */ = {
			isa = XCBuildConfiguration;
			buildSettings = {
				CODE_SIGN_STYLE = Automatic;
				COMBINE_HIDPI_IMAGES = YES;
				INFOPLIST_FILE = TextService/Info.plist;
				PRODUCT_BUNDLE_IDENTIFIER = com.aboutobjects.training.TextService;
				PRODUCT_NAME = "$(TARGET_NAME)";
				SKIP_INSTALL = YES;
			};
			name = Debug;
		};
		B4A900412489752200FCD15E /* Release */ = {
			isa = XCBuildConfiguration;
			buildSettings = {
				CODE_SIGN_STYLE = Automatic;
				COMBINE_HIDPI_IMAGES = YES;
				INFOPLIST_FILE = TextService/Info.plist;
				PRODUCT_BUNDLE_IDENTIFIER = com.aboutobjects.training.TextService;
				PRODUCT_NAME = "$(TARGET_NAME)";
				SKIP_INSTALL = YES;
			};
			name = Release;
		};
/* End XCBuildConfiguration section */

/* Begin XCConfigurationList section */
		B4A9002E2489752200FCD15E /* Build configuration list for PBXProject "TextService" */ = {
			isa = XCConfigurationList;
			buildConfigurations = (
				B4A9003D2489752200FCD15E /* Debug */,
				B4A9003E2489752200FCD15E /* Release */,
			);
			defaultConfigurationIsVisible = 0;
			defaultConfigurationName = Release;
		};
		B4A9003F2489752200FCD15E /* Build configuration list for PBXNativeTarget "TextService" */ = {
			isa = XCConfigurationList;
			buildConfigurations = (
				B4A900402489752200FCD15E /* Debug */,
				B4A900412489752200FCD15E /* Release */,
			);
			defaultConfigurationIsVisible = 0;
			defaultConfigurationName = Release;
		};
/* End XCConfigurationList section */
	};
	rootObject = B4A9002B2489752200FCD15E /* Project object */;
}
