// !$*UTF8*$!
{
	archiveVersion = 1;
	classes = {
	};
	objectVersion = 50;
	objects = {

/* Begin PBXBuildFile section */
		B4711F642472C66F0044A6FD /* NetworkTests.swift in Sources */ = {isa = PBXBuildFile; fileRef = B4711F632472C66F0044A6FD /* NetworkTests.swift */; };
		B4711F67247309000044A6FD /* HttpClient.swift in Sources */ = {isa = PBXBuildFile; fileRef = B4711F66247309000044A6FD /* HttpClient.swift */; };
		B4783E11246D802E00048E23 /* address_presentation.h in Headers */ = {isa = PBXBuildFile; fileRef = B4783E0F246D802E00048E23 /* address_presentation.h */; };
		B4783E12246D802E00048E23 /* address_presentation.c in Sources */ = {isa = PBXBuildFile; fileRef = B4783E10246D802E00048E23 /* address_presentation.c */; };
		B4783E1A246D804300048E23 /* UnitTests.m in Sources */ = {isa = PBXBuildFile; fileRef = B4783E19246D804300048E23 /* UnitTests.m */; };
		B4783E1C246D804300048E23 /* libNetworkingBasics.a in Frameworks */ = {isa = PBXBuildFile; fileRef = B4783E08246D7DB900048E23 /* libNetworkingBasics.a */; };
/* End PBXBuildFile section */

/* Begin PBXContainerItemProxy section */
		B4783E1D246D804300048E23 /* PBXContainerItemProxy */ = {
			isa = PBXContainerItemProxy;
			containerPortal = B4783E00246D7DB900048E23 /* Project object */;
			proxyType = 1;
			remoteGlobalIDString = B4783E07246D7DB900048E23;
			remoteInfo = NetworkingBasics;
		};
/* End PBXContainerItemProxy section */

/* Begin PBXFileReference section */
		B4711F622472C66F0044A6FD /* UnitTests-Bridging-Header.h */ = {isa = PBXFileReference; lastKnownFileType = sourcecode.c.h; path = "UnitTests-Bridging-Header.h"; sourceTree = "<group>"; };
		B4711F632472C66F0044A6FD /* NetworkTests.swift */ = {isa = PBXFileReference; lastKnownFileType = sourcecode.swift; path = NetworkTests.swift; sourceTree = "<group>"; };
		B4711F65247308FF0044A6FD /* NetworkingBasics-Bridging-Header.h */ = {isa = PBXFileReference; lastKnownFileType = sourcecode.c.h; path = "NetworkingBasics-Bridging-Header.h"; sourceTree = "<group>"; };
		B4711F66247309000044A6FD /* HttpClient.swift */ = {isa = PBXFileReference; lastKnownFileType = sourcecode.swift; path = HttpClient.swift; sourceTree = "<group>"; };
		B4783E08246D7DB900048E23 /* libNetworkingBasics.a */ = {isa = PBXFileReference; explicitFileType = archive.ar; includeInIndex = 0; path = libNetworkingBasics.a; sourceTree = BUILT_PRODUCTS_DIR; };
		B4783E0F246D802E00048E23 /* address_presentation.h */ = {isa = PBXFileReference; lastKnownFileType = sourcecode.c.h; path = address_presentation.h; sourceTree = "<group>"; };
		B4783E10246D802E00048E23 /* address_presentation.c */ = {isa = PBXFileReference; lastKnownFileType = sourcecode.c.c; path = address_presentation.c; sourceTree = "<group>"; };
		B4783E17246D804300048E23 /* UnitTests.xctest */ = {isa = PBXFileReference; explicitFileType = wrapper.cfbundle; includeInIndex = 0; path = UnitTests.xctest; sourceTree = BUILT_PRODUCTS_DIR; };
		B4783E19246D804300048E23 /* UnitTests.m */ = {isa = PBXFileReference; lastKnownFileType = sourcecode.c.objc; path = UnitTests.m; sourceTree = "<group>"; };
		B4783E1B246D804300048E23 /* Info.plist */ = {isa = PBXFileReference; lastKnownFileType = text.plist.xml; path = Info.plist; sourceTree = "<group>"; };
/* End PBXFileReference section */

/* Begin PBXFrameworksBuildPhase section */
		B4783E06246D7DB900048E23 /* Frameworks */ = {
			isa = PBXFrameworksBuildPhase;
			buildActionMask = 2147483647;
			files = (
			);
			runOnlyForDeploymentPostprocessing = 0;
		};
		B4783E14246D804300048E23 /* Frameworks */ = {
			isa = PBXFrameworksBuildPhase;
			buildActionMask = 2147483647;
			files = (
				B4783E1C246D804300048E23 /* libNetworkingBasics.a in Frameworks */,
			);
			runOnlyForDeploymentPostprocessing = 0;
		};
/* End PBXFrameworksBuildPhase section */

/* Begin PBXGroup section */
		B4783DFF246D7DB900048E23 = {
			isa = PBXGroup;
			children = (
				B4711F65247308FF0044A6FD /* NetworkingBasics-Bridging-Header.h */,
				B4783E0F246D802E00048E23 /* address_presentation.h */,
				B4783E10246D802E00048E23 /* address_presentation.c */,
				B4711F66247309000044A6FD /* HttpClient.swift */,
				B4783E18246D804300048E23 /* UnitTests */,
				B4783E09246D7DB900048E23 /* Products */,
			);
			sourceTree = "<group>";
		};
		B4783E09246D7DB900048E23 /* Products */ = {
			isa = PBXGroup;
			children = (
				B4783E08246D7DB900048E23 /* libNetworkingBasics.a */,
				B4783E17246D804300048E23 /* UnitTests.xctest */,
			);
			name = Products;
			sourceTree = "<group>";
		};
		B4783E18246D804300048E23 /* UnitTests */ = {
			isa = PBXGroup;
			children = (
				B4783E19246D804300048E23 /* UnitTests.m */,
				B4711F632472C66F0044A6FD /* NetworkTests.swift */,
				B4783E1B246D804300048E23 /* Info.plist */,
				B4711F622472C66F0044A6FD /* UnitTests-Bridging-Header.h */,
			);
			path = UnitTests;
			sourceTree = "<group>";
		};
/* End PBXGroup section */

/* Begin PBXHeadersBuildPhase section */
		B4783E04246D7DB900048E23 /* Headers */ = {
			isa = PBXHeadersBuildPhase;
			buildActionMask = 2147483647;
			files = (
				B4783E11246D802E00048E23 /* address_presentation.h in Headers */,
			);
			runOnlyForDeploymentPostprocessing = 0;
		};
/* End PBXHeadersBuildPhase section */

/* Begin PBXNativeTarget section */
		B4783E07246D7DB900048E23 /* NetworkingBasics */ = {
			isa = PBXNativeTarget;
			buildConfigurationList = B4783E0C246D7DB900048E23 /* Build configuration list for PBXNativeTarget "NetworkingBasics" */;
			buildPhases = (
				B4783E04246D7DB900048E23 /* Headers */,
				B4783E05246D7DB900048E23 /* Sources */,
				B4783E06246D7DB900048E23 /* Frameworks */,
			);
			buildRules = (
			);
			dependencies = (
			);
			name = NetworkingBasics;
			productName = NetworkingBasics;
			productReference = B4783E08246D7DB900048E23 /* libNetworkingBasics.a */;
			productType = "com.apple.product-type.library.static";
		};
		B4783E16246D804300048E23 /* UnitTests */ = {
			isa = PBXNativeTarget;
			buildConfigurationList = B4783E1F246D804300048E23 /* Build configuration list for PBXNativeTarget "UnitTests" */;
			buildPhases = (
				B4783E13246D804300048E23 /* Sources */,
				B4783E14246D804300048E23 /* Frameworks */,
				B4783E15246D804300048E23 /* Resources */,
			);
			buildRules = (
			);
			dependencies = (
				B4783E1E246D804300048E23 /* PBXTargetDependency */,
			);
			name = UnitTests;
			productName = UnitTests;
			productReference = B4783E17246D804300048E23 /* UnitTests.xctest */;
			productType = "com.apple.product-type.bundle.unit-test";
		};
/* End PBXNativeTarget section */

/* Begin PBXProject section */
		B4783E00246D7DB900048E23 /* Project object */ = {
			isa = PBXProject;
			attributes = {
				LastUpgradeCheck = 1150;
				ORGANIZATIONNAME = "About Objects";
				TargetAttributes = {
					B4783E07246D7DB900048E23 = {
						CreatedOnToolsVersion = 11.4.1;
						LastSwiftMigration = 1140;
					};
					B4783E16246D804300048E23 = {
						CreatedOnToolsVersion = 11.4.1;
						LastSwiftMigration = 1140;
					};
				};
			};
			buildConfigurationList = B4783E03246D7DB900048E23 /* Build configuration list for PBXProject "NetworkingBasics" */;
			compatibilityVersion = "Xcode 9.3";
			developmentRegion = en;
			hasScannedForEncodings = 0;
			knownRegions = (
				en,
				Base,
			);
			mainGroup = B4783DFF246D7DB900048E23;
			productRefGroup = B4783E09246D7DB900048E23 /* Products */;
			projectDirPath = "";
			projectRoot = "";
			targets = (
				B4783E07246D7DB900048E23 /* NetworkingBasics */,
				B4783E16246D804300048E23 /* UnitTests */,
			);
		};
/* End PBXProject section */

/* Begin PBXResourcesBuildPhase section */
		B4783E15246D804300048E23 /* Resources */ = {
			isa = PBXResourcesBuildPhase;
			buildActionMask = 2147483647;
			files = (
			);
			runOnlyForDeploymentPostprocessing = 0;
		};
/* End PBXResourcesBuildPhase section */

/* Begin PBXSourcesBuildPhase section */
		B4783E05246D7DB900048E23 /* Sources */ = {
			isa = PBXSourcesBuildPhase;
			buildActionMask = 2147483647;
			files = (
				B4711F67247309000044A6FD /* HttpClient.swift in Sources */,
				B4783E12246D802E00048E23 /* address_presentation.c in Sources */,
			);
			runOnlyForDeploymentPostprocessing = 0;
		};
		B4783E13246D804300048E23 /* Sources */ = {
			isa = PBXSourcesBuildPhase;
			buildActionMask = 2147483647;
			files = (
				B4711F642472C66F0044A6FD /* NetworkTests.swift in Sources */,
				B4783E1A246D804300048E23 /* UnitTests.m in Sources */,
			);
			runOnlyForDeploymentPostprocessing = 0;
		};
/* End PBXSourcesBuildPhase section */

/* Begin PBXTargetDependency section */
		B4783E1E246D804300048E23 /* PBXTargetDependency */ = {
			isa = PBXTargetDependency;
			target = B4783E07246D7DB900048E23 /* NetworkingBasics */;
			targetProxy = B4783E1D246D804300048E23 /* PBXContainerItemProxy */;
		};
/* End PBXTargetDependency section */

/* Begin XCBuildConfiguration section */
		B4783E0A246D7DB900048E23 /* Debug */ = {
			isa = XCBuildConfiguration;
			buildSettings = {
				ALWAYS_SEARCH_USER_PATHS = NO;
				CLANG_ANALYZER_NONNULL = YES;
				CLANG_ANALYZER_NUMBER_OBJECT_CONVERSION = YES_AGGRESSIVE;
				CLANG_CXX_LANGUAGE_STANDARD = "gnu++14";
				CLANG_CXX_LIBRARY = "libc++";
				CLANG_ENABLE_MODULES = YES;
				CLANG_ENABLE_OBJC_ARC = YES;
				CLANG_ENABLE_OBJC_WEAK = YES;
				CLANG_WARN_BLOCK_CAPTURE_AUTORELEASING = YES;
				CLANG_WARN_BOOL_CONVERSION = YES;
				CLANG_WARN_COMMA = YES;
				CLANG_WARN_CONSTANT_CONVERSION = YES;
				CLANG_WARN_DEPRECATED_OBJC_IMPLEMENTATIONS = YES;
				CLANG_WARN_DIRECT_OBJC_ISA_USAGE = YES_ERROR;
				CLANG_WARN_DOCUMENTATION_COMMENTS = YES;
				CLANG_WARN_EMPTY_BODY = YES;
				CLANG_WARN_ENUM_CONVERSION = YES;
				CLANG_WARN_INFINITE_RECURSION = YES;
				CLANG_WARN_INT_CONVERSION = YES;
				CLANG_WARN_NON_LITERAL_NULL_CONVERSION = YES;
				CLANG_WARN_OBJC_IMPLICIT_RETAIN_SELF = YES;
				CLANG_WARN_OBJC_LITERAL_CONVERSION = YES;
				CLANG_WARN_OBJC_ROOT_CLASS = YES_ERROR;
				CLANG_WARN_RANGE_LOOP_ANALYSIS = YES;
				CLANG_WARN_STRICT_PROTOTYPES = YES;
				CLANG_WARN_SUSPICIOUS_MOVE = YES;
				CLANG_WARN_UNGUARDED_AVAILABILITY = YES_AGGRESSIVE;
				CLANG_WARN_UNREACHABLE_CODE = YES;
				CLANG_WARN__DUPLICATE_METHOD_MATCH = YES;
				COPY_PHASE_STRIP = NO;
				DEBUG_INFORMATION_FORMAT = dwarf;
				ENABLE_STRICT_OBJC_MSGSEND = YES;
				ENABLE_TESTABILITY = YES;
				GCC_C_LANGUAGE_STANDARD = gnu11;
				GCC_DYNAMIC_NO_PIC = NO;
				GCC_NO_COMMON_BLOCKS = YES;
				GCC_OPTIMIZATION_LEVEL = 0;
				GCC_PREPROCESSOR_DEFINITIONS = (
					"DEBUG=1",
					"$(inherited)",
				);
				GCC_WARN_64_TO_32_BIT_CONVERSION = YES;
				GCC_WARN_ABOUT_RETURN_TYPE = YES_ERROR;
				GCC_WARN_UNDECLARED_SELECTOR = YES;
				GCC_WARN_UNINITIALIZED_AUTOS = YES_AGGRESSIVE;
				GCC_WARN_UNUSED_FUNCTION = YES;
				GCC_WARN_UNUSED_VARIABLE = YES;
				MACOSX_DEPLOYMENT_TARGET = 10.15;
				MTL_ENABLE_DEBUG_INFO = INCLUDE_SOURCE;
				MTL_FAST_MATH = YES;
				ONLY_ACTIVE_ARCH = YES;
				SDKROOT = macosx;
			};
			name = Debug;
		};
		B4783E0B246D7DB900048E23 /* Release */ = {
			isa = XCBuildConfiguration;
			buildSettings = {
				ALWAYS_SEARCH_USER_PATHS = NO;
				CLANG_ANALYZER_NONNULL = YES;
				CLANG_ANALYZER_NUMBER_OBJECT_CONVERSION = YES_AGGRESSIVE;
				CLANG_CXX_LANGUAGE_STANDARD = "gnu++14";
				CLANG_CXX_LIBRARY = "libc++";
				CLANG_ENABLE_MODULES = YES;
				CLANG_ENABLE_OBJC_ARC = YES;
				CLANG_ENABLE_OBJC_WEAK = YES;
				CLANG_WARN_BLOCK_CAPTURE_AUTORELEASING = YES;
				CLANG_WARN_BOOL_CONVERSION = YES;
				CLANG_WARN_COMMA = YES;
				CLANG_WARN_CONSTANT_CONVERSION = YES;
				CLANG_WARN_DEPRECATED_OBJC_IMPLEMENTATIONS = YES;
				CLANG_WARN_DIRECT_OBJC_ISA_USAGE = YES_ERROR;
				CLANG_WARN_DOCUMENTATION_COMMENTS = YES;
				CLANG_WARN_EMPTY_BODY = YES;
				CLANG_WARN_ENUM_CONVERSION = YES;
				CLANG_WARN_INFINITE_RECURSION = YES;
				CLANG_WARN_INT_CONVERSION = YES;
				CLANG_WARN_NON_LITERAL_NULL_CONVERSION = YES;
				CLANG_WARN_OBJC_IMPLICIT_RETAIN_SELF = YES;
				CLANG_WARN_OBJC_LITERAL_CONVERSION = YES;
				CLANG_WARN_OBJC_ROOT_CLASS = YES_ERROR;
				CLANG_WARN_RANGE_LOOP_ANALYSIS = YES;
				CLANG_WARN_STRICT_PROTOTYPES = YES;
				CLANG_WARN_SUSPICIOUS_MOVE = YES;
				CLANG_WARN_UNGUARDED_AVAILABILITY = YES_AGGRESSIVE;
				CLANG_WARN_UNREACHABLE_CODE = YES;
				CLANG_WARN__DUPLICATE_METHOD_MATCH = YES;
				COPY_PHASE_STRIP = NO;
				DEBUG_INFORMATION_FORMAT = "dwarf-with-dsym";
				ENABLE_NS_ASSERTIONS = NO;
				ENABLE_STRICT_OBJC_MSGSEND = YES;
				GCC_C_LANGUAGE_STANDARD = gnu11;
				GCC_NO_COMMON_BLOCKS = YES;
				GCC_WARN_64_TO_32_BIT_CONVERSION = YES;
				GCC_WARN_ABOUT_RETURN_TYPE = YES_ERROR;
				GCC_WARN_UNDECLARED_SELECTOR = YES;
				GCC_WARN_UNINITIALIZED_AUTOS = YES_AGGRESSIVE;
				GCC_WARN_UNUSED_FUNCTION = YES;
				GCC_WARN_UNUSED_VARIABLE = YES;
				MACOSX_DEPLOYMENT_TARGET = 10.15;
				MTL_ENABLE_DEBUG_INFO = NO;
				MTL_FAST_MATH = YES;
				SDKROOT = macosx;
				SWIFT_COMPILATION_MODE = wholemodule;
			};
			name = Release;
		};
		B4783E0D246D7DB900048E23 /* Debug */ = {
			isa = XCBuildConfiguration;
			buildSettings = {
				CLANG_ENABLE_MODULES = YES;
				CODE_SIGN_STYLE = Automatic;
				EXECUTABLE_PREFIX = lib;
				LD_RUNPATH_SEARCH_PATHS = (
					"$(inherited)",
					"@executable_path/../Frameworks",
					"@loader_path/../Frameworks",
				);
				PRODUCT_NAME = "$(TARGET_NAME)";
				SKIP_INSTALL = YES;
				SWIFT_OBJC_BRIDGING_HEADER = "NetworkingBasics-Bridging-Header.h";
				SWIFT_OPTIMIZATION_LEVEL = "-Onone";
				SWIFT_VERSION = 5.0;
			};
			name = Debug;
		};
		B4783E0E246D7DB900048E23 /* Release */ = {
			isa = XCBuildConfiguration;
			buildSettings = {
				CLANG_ENABLE_MODULES = YES;
				CODE_SIGN_STYLE = Automatic;
				EXECUTABLE_PREFIX = lib;
				LD_RUNPATH_SEARCH_PATHS = (
					"$(inherited)",
					"@executable_path/../Frameworks",
					"@loader_path/../Frameworks",
				);
				PRODUCT_NAME = "$(TARGET_NAME)";
				SKIP_INSTALL = YES;
				SWIFT_OBJC_BRIDGING_HEADER = "NetworkingBasics-Bridging-Header.h";
				SWIFT_VERSION = 5.0;
			};
			name = Release;
		};
		B4783E20246D804300048E23 /* Debug */ = {
			isa = XCBuildConfiguration;
			buildSettings = {
				ALWAYS_EMBED_SWIFT_STANDARD_LIBRARIES = YES;
				CLANG_ENABLE_MODULES = YES;
				CODE_SIGN_STYLE = Automatic;
				COMBINE_HIDPI_IMAGES = YES;
				INFOPLIST_FILE = UnitTests/Info.plist;
				LD_RUNPATH_SEARCH_PATHS = (
					"$(inherited)",
					"@executable_path/../Frameworks",
					"@loader_path/../Frameworks",
				);
				PRODUCT_BUNDLE_IDENTIFIER = com.aboutobjects.training.UnitTests;
				PRODUCT_NAME = "$(TARGET_NAME)";
				SWIFT_OBJC_BRIDGING_HEADER = "UnitTests/UnitTests-Bridging-Header.h";
				SWIFT_OPTIMIZATION_LEVEL = "-Onone";
				SWIFT_VERSION = 5.0;
			};
			name = Debug;
		};
		B4783E21246D804300048E23 /* Release */ = {
			isa = XCBuildConfiguration;
			buildSettings = {
				ALWAYS_EMBED_SWIFT_STANDARD_LIBRARIES = YES;
				CLANG_ENABLE_MODULES = YES;
				CODE_SIGN_STYLE = Automatic;
				COMBINE_HIDPI_IMAGES = YES;
				INFOPLIST_FILE = UnitTests/Info.plist;
				LD_RUNPATH_SEARCH_PATHS = (
					"$(inherited)",
					"@executable_path/../Frameworks",
					"@loader_path/../Frameworks",
				);
				PRODUCT_BUNDLE_IDENTIFIER = com.aboutobjects.training.UnitTests;
				PRODUCT_NAME = "$(TARGET_NAME)";
				SWIFT_OBJC_BRIDGING_HEADER = "UnitTests/UnitTests-Bridging-Header.h";
				SWIFT_VERSION = 5.0;
			};
			name = Release;
		};
/* End XCBuildConfiguration section */

/* Begin XCConfigurationList section */
		B4783E03246D7DB900048E23 /* Build configuration list for PBXProject "NetworkingBasics" */ = {
			isa = XCConfigurationList;
			buildConfigurations = (
				B4783E0A246D7DB900048E23 /* Debug */,
				B4783E0B246D7DB900048E23 /* Release */,
			);
			defaultConfigurationIsVisible = 0;
			defaultConfigurationName = Release;
		};
		B4783E0C246D7DB900048E23 /* Build configuration list for PBXNativeTarget "NetworkingBasics" */ = {
			isa = XCConfigurationList;
			buildConfigurations = (
				B4783E0D246D7DB900048E23 /* Debug */,
				B4783E0E246D7DB900048E23 /* Release */,
			);
			defaultConfigurationIsVisible = 0;
			defaultConfigurationName = Release;
		};
		B4783E1F246D804300048E23 /* Build configuration list for PBXNativeTarget "UnitTests" */ = {
			isa = XCConfigurationList;
			buildConfigurations = (
				B4783E20246D804300048E23 /* Debug */,
				B4783E21246D804300048E23 /* Release */,
			);
			defaultConfigurationIsVisible = 0;
			defaultConfigurationName = Release;
		};
/* End XCConfigurationList section */
	};
	rootObject = B4783E00246D7DB900048E23 /* Project object */;
}
