// !$*UTF8*$!
{
	archiveVersion = 1;
	classes = {
	};
	objectVersion = 50;
	objects = {

/* Begin PBXBuildFile section */
		B4A900022487EC6E00FCD15E /* CLNAppDelegate.m in Sources */ = {isa = PBXBuildFile; fileRef = B4A900002487EC6E00FCD15E /* CLNAppDelegate.m */; };
		B4A900052487F38300FCD15E /* CLNCoolViewCell.m in Sources */ = {isa = PBXBuildFile; fileRef = B4A900042487F38300FCD15E /* CLNCoolViewCell.m */; };
		B4A900092488412600FCD15E /* InspectorPanel.xib in Resources */ = {isa = PBXBuildFile; fileRef = B4A900082488412600FCD15E /* InspectorPanel.xib */; };
		B4A9000E24884D6B00FCD15E /* CLNInspectorViewController.m in Sources */ = {isa = PBXBuildFile; fileRef = B4A9000D24884D6B00FCD15E /* CLNInspectorViewController.m */; };
		B4A9001224884FC700FCD15E /* CLNCoolViewController.m in Sources */ = {isa = PBXBuildFile; fileRef = B4A9001024884FC700FCD15E /* CLNCoolViewController.m */; };
		B4A9FFF32487EABE00FCD15E /* Assets.xcassets in Resources */ = {isa = PBXBuildFile; fileRef = B4A9FFF22487EABE00FCD15E /* Assets.xcassets */; };
		B4A9FFF62487EABE00FCD15E /* MainMenu.xib in Resources */ = {isa = PBXBuildFile; fileRef = B4A9FFF42487EABE00FCD15E /* MainMenu.xib */; };
		B4A9FFF92487EABE00FCD15E /* main.m in Sources */ = {isa = PBXBuildFile; fileRef = B4A9FFF82487EABE00FCD15E /* main.m */; };
/* End PBXBuildFile section */

/* Begin PBXFileReference section */
		B4A900002487EC6E00FCD15E /* CLNAppDelegate.m */ = {isa = PBXFileReference; fileEncoding = 4; lastKnownFileType = sourcecode.c.objc; path = CLNAppDelegate.m; sourceTree = "<group>"; };
		B4A900012487EC6E00FCD15E /* CLNAppDelegate.h */ = {isa = PBXFileReference; fileEncoding = 4; lastKnownFileType = sourcecode.c.h; path = CLNAppDelegate.h; sourceTree = "<group>"; };
		B4A900032487F38300FCD15E /* CLNCoolViewCell.h */ = {isa = PBXFileReference; lastKnownFileType = sourcecode.c.h; path = CLNCoolViewCell.h; sourceTree = "<group>"; };
		B4A900042487F38300FCD15E /* CLNCoolViewCell.m */ = {isa = PBXFileReference; lastKnownFileType = sourcecode.c.objc; path = CLNCoolViewCell.m; sourceTree = "<group>"; };
		B4A900082488412600FCD15E /* InspectorPanel.xib */ = {isa = PBXFileReference; lastKnownFileType = file.xib; path = InspectorPanel.xib; sourceTree = "<group>"; };
		B4A9000C24884D6B00FCD15E /* CLNInspectorViewController.h */ = {isa = PBXFileReference; lastKnownFileType = sourcecode.c.h; path = CLNInspectorViewController.h; sourceTree = "<group>"; };
		B4A9000D24884D6B00FCD15E /* CLNInspectorViewController.m */ = {isa = PBXFileReference; lastKnownFileType = sourcecode.c.objc; path = CLNInspectorViewController.m; sourceTree = "<group>"; };
		B4A9000F24884FC700FCD15E /* CLNCoolViewController.h */ = {isa = PBXFileReference; lastKnownFileType = sourcecode.c.h; path = CLNCoolViewController.h; sourceTree = "<group>"; };
		B4A9001024884FC700FCD15E /* CLNCoolViewController.m */ = {isa = PBXFileReference; lastKnownFileType = sourcecode.c.objc; path = CLNCoolViewController.m; sourceTree = "<group>"; };
		B4A9FFEC2487EABD00FCD15E /* ObjC_Coolness.app */ = {isa = PBXFileReference; explicitFileType = wrapper.application; includeInIndex = 0; path = ObjC_Coolness.app; sourceTree = BUILT_PRODUCTS_DIR; };
		B4A9FFF22487EABE00FCD15E /* Assets.xcassets */ = {isa = PBXFileReference; lastKnownFileType = folder.assetcatalog; path = Assets.xcassets; sourceTree = "<group>"; };
		B4A9FFF52487EABE00FCD15E /* Base */ = {isa = PBXFileReference; lastKnownFileType = file.xib; name = Base; path = Base.lproj/MainMenu.xib; sourceTree = "<group>"; };
		B4A9FFF72487EABE00FCD15E /* Info.plist */ = {isa = PBXFileReference; lastKnownFileType = text.plist.xml; path = Info.plist; sourceTree = "<group>"; };
		B4A9FFF82487EABE00FCD15E /* main.m */ = {isa = PBXFileReference; lastKnownFileType = sourcecode.c.objc; path = main.m; sourceTree = "<group>"; };
		B4A9FFFA2487EABE00FCD15E /* ObjC_Coolness.entitlements */ = {isa = PBXFileReference; lastKnownFileType = text.plist.entitlements; path = ObjC_Coolness.entitlements; sourceTree = "<group>"; };
/* End PBXFileReference section */

/* Begin PBXFrameworksBuildPhase section */
		B4A9FFE92487EABD00FCD15E /* Frameworks */ = {
			isa = PBXFrameworksBuildPhase;
			buildActionMask = 2147483647;
			files = (
			);
			runOnlyForDeploymentPostprocessing = 0;
		};
/* End PBXFrameworksBuildPhase section */

/* Begin PBXGroup section */
		B4A9FFE32487EABD00FCD15E = {
			isa = PBXGroup;
			children = (
				B4A9FFEE2487EABD00FCD15E /* ObjC_Coolness */,
				B4A9FFED2487EABD00FCD15E /* Products */,
			);
			sourceTree = "<group>";
		};
		B4A9FFED2487EABD00FCD15E /* Products */ = {
			isa = PBXGroup;
			children = (
				B4A9FFEC2487EABD00FCD15E /* ObjC_Coolness.app */,
			);
			name = Products;
			sourceTree = "<group>";
		};
		B4A9FFEE2487EABD00FCD15E /* ObjC_Coolness */ = {
			isa = PBXGroup;
			children = (
				B4A900012487EC6E00FCD15E /* CLNAppDelegate.h */,
				B4A900002487EC6E00FCD15E /* CLNAppDelegate.m */,
				B4A9000C24884D6B00FCD15E /* CLNInspectorViewController.h */,
				B4A9000D24884D6B00FCD15E /* CLNInspectorViewController.m */,
				B4A9000F24884FC700FCD15E /* CLNCoolViewController.h */,
				B4A9001024884FC700FCD15E /* CLNCoolViewController.m */,
				B4A900032487F38300FCD15E /* CLNCoolViewCell.h */,
				B4A900042487F38300FCD15E /* CLNCoolViewCell.m */,
				B4A9FFF22487EABE00FCD15E /* Assets.xcassets */,
				B4A9FFF42487EABE00FCD15E /* MainMenu.xib */,
				B4A900082488412600FCD15E /* InspectorPanel.xib */,
				B4A9FFF72487EABE00FCD15E /* Info.plist */,
				B4A9FFF82487EABE00FCD15E /* main.m */,
				B4A9FFFA2487EABE00FCD15E /* ObjC_Coolness.entitlements */,
			);
			path = ObjC_Coolness;
			sourceTree = "<group>";
		};
/* End PBXGroup section */

/* Begin PBXNativeTarget section */
		B4A9FFEB2487EABD00FCD15E /* ObjC_Coolness */ = {
			isa = PBXNativeTarget;
			buildConfigurationList = B4A9FFFD2487EABE00FCD15E /* Build configuration list for PBXNativeTarget "ObjC_Coolness" */;
			buildPhases = (
				B4A9FFE82487EABD00FCD15E /* Sources */,
				B4A9FFE92487EABD00FCD15E /* Frameworks */,
				B4A9FFEA2487EABD00FCD15E /* Resources */,
			);
			buildRules = (
			);
			dependencies = (
			);
			name = ObjC_Coolness;
			productName = ObjC_Coolness;
			productReference = B4A9FFEC2487EABD00FCD15E /* ObjC_Coolness.app */;
			productType = "com.apple.product-type.application";
		};
/* End PBXNativeTarget section */

/* Begin PBXProject section */
		B4A9FFE42487EABD00FCD15E /* Project object */ = {
			isa = PBXProject;
			attributes = {
				LastUpgradeCheck = 1150;
				ORGANIZATIONNAME = "About Objects";
				TargetAttributes = {
					B4A9FFEB2487EABD00FCD15E = {
						CreatedOnToolsVersion = 11.5;
					};
				};
			};
			buildConfigurationList = B4A9FFE72487EABD00FCD15E /* Build configuration list for PBXProject "ObjC_Coolness" */;
			compatibilityVersion = "Xcode 9.3";
			developmentRegion = en;
			hasScannedForEncodings = 0;
			knownRegions = (
				en,
				Base,
			);
			mainGroup = B4A9FFE32487EABD00FCD15E;
			productRefGroup = B4A9FFED2487EABD00FCD15E /* Products */;
			projectDirPath = "";
			projectRoot = "";
			targets = (
				B4A9FFEB2487EABD00FCD15E /* ObjC_Coolness */,
			);
		};
/* End PBXProject section */

/* Begin PBXResourcesBuildPhase section */
		B4A9FFEA2487EABD00FCD15E /* Resources */ = {
			isa = PBXResourcesBuildPhase;
			buildActionMask = 2147483647;
			files = (
				B4A9FFF32487EABE00FCD15E /* Assets.xcassets in Resources */,
				B4A9FFF62487EABE00FCD15E /* MainMenu.xib in Resources */,
				B4A900092488412600FCD15E /* InspectorPanel.xib in Resources */,
			);
			runOnlyForDeploymentPostprocessing = 0;
		};
/* End PBXResourcesBuildPhase section */

/* Begin PBXSourcesBuildPhase section */
		B4A9FFE82487EABD00FCD15E /* Sources */ = {
			isa = PBXSourcesBuildPhase;
			buildActionMask = 2147483647;
			files = (
				B4A900022487EC6E00FCD15E /* CLNAppDelegate.m in Sources */,
				B4A9001224884FC700FCD15E /* CLNCoolViewController.m in Sources */,
				B4A900052487F38300FCD15E /* CLNCoolViewCell.m in Sources */,
				B4A9000E24884D6B00FCD15E /* CLNInspectorViewController.m in Sources */,
				B4A9FFF92487EABE00FCD15E /* main.m in Sources */,
			);
			runOnlyForDeploymentPostprocessing = 0;
		};
/* End PBXSourcesBuildPhase section */

/* Begin PBXVariantGroup section */
		B4A9FFF42487EABE00FCD15E /* MainMenu.xib */ = {
			isa = PBXVariantGroup;
			children = (
				B4A9FFF52487EABE00FCD15E /* Base */,
			);
			name = MainMenu.xib;
			sourceTree = "<group>";
		};
/* End PBXVariantGroup section */

/* Begin XCBuildConfiguration section */
		B4A9FFFB2487EABE00FCD15E /* Debug */ = {
			isa = XCBuildConfiguration;
			buildSettings = {
				ALWAYS_SEARCH_USER_PATHS = NO;
				CLANG_ANALYZER_NONNULL = YES;
				CLANG_ANALYZER_NUMBER_OBJECT_CONVERSION = YES_AGGRESSIVE;
				CLANG_CXX_LANGUAGE_STANDARD = "gnu++14";
				CLANG_CXX_LIBRARY = "libc++";
				CLANG_ENABLE_MODULES = YES;
				CLANG_ENABLE_OBJC_ARC = YES;
				CLANG_ENABLE_OBJC_WEAK = YES;
				CLANG_WARN_BLOCK_CAPTURE_AUTORELEASING = YES;
				CLANG_WARN_BOOL_CONVERSION = YES;
				CLANG_WARN_COMMA = YES;
				CLANG_WARN_CONSTANT_CONVERSION = YES;
				CLANG_WARN_DEPRECATED_OBJC_IMPLEMENTATIONS = YES;
				CLANG_WARN_DIRECT_OBJC_ISA_USAGE = YES_ERROR;
				CLANG_WARN_DOCUMENTATION_COMMENTS = YES;
				CLANG_WARN_EMPTY_BODY = YES;
				CLANG_WARN_ENUM_CONVERSION = YES;
				CLANG_WARN_INFINITE_RECURSION = YES;
				CLANG_WARN_INT_CONVERSION = YES;
				CLANG_WARN_NON_LITERAL_NULL_CONVERSION = YES;
				CLANG_WARN_OBJC_IMPLICIT_RETAIN_SELF = YES;
				CLANG_WARN_OBJC_LITERAL_CONVERSION = YES;
				CLANG_WARN_OBJC_ROOT_CLASS = YES_ERROR;
				CLANG_WARN_RANGE_LOOP_ANALYSIS = YES;
				CLANG_WARN_STRICT_PROTOTYPES = YES;
				CLANG_WARN_SUSPICIOUS_MOVE = YES;
				CLANG_WARN_UNGUARDED_AVAILABILITY = YES_AGGRESSIVE;
				CLANG_WARN_UNREACHABLE_CODE = YES;
				CLANG_WARN__DUPLICATE_METHOD_MATCH = YES;
				COPY_PHASE_STRIP = NO;
				DEBUG_INFORMATION_FORMAT = dwarf;
				ENABLE_STRICT_OBJC_MSGSEND = YES;
				ENABLE_TESTABILITY = YES;
				GCC_C_LANGUAGE_STANDARD = gnu11;
				GCC_DYNAMIC_NO_PIC = NO;
				GCC_NO_COMMON_BLOCKS = YES;
				GCC_OPTIMIZATION_LEVEL = 0;
				GCC_PREPROCESSOR_DEFINITIONS = (
					"DEBUG=1",
					"$(inherited)",
				);
				GCC_WARN_64_TO_32_BIT_CONVERSION = YES;
				GCC_WARN_ABOUT_RETURN_TYPE = YES_ERROR;
				GCC_WARN_UNDECLARED_SELECTOR = YES;
				GCC_WARN_UNINITIALIZED_AUTOS = YES_AGGRESSIVE;
				GCC_WARN_UNUSED_FUNCTION = YES;
				GCC_WARN_UNUSED_VARIABLE = YES;
				MACOSX_DEPLOYMENT_TARGET = 10.15;
				MTL_ENABLE_DEBUG_INFO = INCLUDE_SOURCE;
				MTL_FAST_MATH = YES;
				ONLY_ACTIVE_ARCH = YES;
				SDKROOT = macosx;
			};
			name = Debug;
		};
		B4A9FFFC2487EABE00FCD15E /* Release */ = {
			isa = XCBuildConfiguration;
			buildSettings = {
				ALWAYS_SEARCH_USER_PATHS = NO;
				CLANG_ANALYZER_NONNULL = YES;
				CLANG_ANALYZER_NUMBER_OBJECT_CONVERSION = YES_AGGRESSIVE;
				CLANG_CXX_LANGUAGE_STANDARD = "gnu++14";
				CLANG_CXX_LIBRARY = "libc++";
				CLANG_ENABLE_MODULES = YES;
				CLANG_ENABLE_OBJC_ARC = YES;
				CLANG_ENABLE_OBJC_WEAK = YES;
				CLANG_WARN_BLOCK_CAPTURE_AUTORELEASING = YES;
				CLANG_WARN_BOOL_CONVERSION = YES;
				CLANG_WARN_COMMA = YES;
				CLANG_WARN_CONSTANT_CONVERSION = YES;
				CLANG_WARN_DEPRECATED_OBJC_IMPLEMENTATIONS = YES;
				CLANG_WARN_DIRECT_OBJC_ISA_USAGE = YES_ERROR;
				CLANG_WARN_DOCUMENTATION_COMMENTS = YES;
				CLANG_WARN_EMPTY_BODY = YES;
				CLANG_WARN_ENUM_CONVERSION = YES;
				CLANG_WARN_INFINITE_RECURSION = YES;
				CLANG_WARN_INT_CONVERSION = YES;
				CLANG_WARN_NON_LITERAL_NULL_CONVERSION = YES;
				CLANG_WARN_OBJC_IMPLICIT_RETAIN_SELF = YES;
				CLANG_WARN_OBJC_LITERAL_CONVERSION = YES;
				CLANG_WARN_OBJC_ROOT_CLASS = YES_ERROR;
				CLANG_WARN_RANGE_LOOP_ANALYSIS = YES;
				CLANG_WARN_STRICT_PROTOTYPES = YES;
				CLANG_WARN_SUSPICIOUS_MOVE = YES;
				CLANG_WARN_UNGUARDED_AVAILABILITY = YES_AGGRESSIVE;
				CLANG_WARN_UNREACHABLE_CODE = YES;
				CLANG_WARN__DUPLICATE_METHOD_MATCH = YES;
				COPY_PHASE_STRIP = NO;
				DEBUG_INFORMATION_FORMAT = "dwarf-with-dsym";
				ENABLE_NS_ASSERTIONS = NO;
				ENABLE_STRICT_OBJC_MSGSEND = YES;
				GCC_C_LANGUAGE_STANDARD = gnu11;
				GCC_NO_COMMON_BLOCKS = YES;
				GCC_WARN_64_TO_32_BIT_CONVERSION = YES;
				GCC_WARN_ABOUT_RETURN_TYPE = YES_ERROR;
				GCC_WARN_UNDECLARED_SELECTOR = YES;
				GCC_WARN_UNINITIALIZED_AUTOS = YES_AGGRESSIVE;
				GCC_WARN_UNUSED_FUNCTION = YES;
				GCC_WARN_UNUSED_VARIABLE = YES;
				MACOSX_DEPLOYMENT_TARGET = 10.15;
				MTL_ENABLE_DEBUG_INFO = NO;
				MTL_FAST_MATH = YES;
				SDKROOT = macosx;
			};
			name = Release;
		};
		B4A9FFFE2487EABE00FCD15E /* Debug */ = {
			isa = XCBuildConfiguration;
			buildSettings = {
				ASSETCATALOG_COMPILER_APPICON_NAME = AppIcon;
				CODE_SIGN_ENTITLEMENTS = ObjC_Coolness/ObjC_Coolness.entitlements;
				CODE_SIGN_STYLE = Automatic;
				COMBINE_HIDPI_IMAGES = YES;
				INFOPLIST_FILE = ObjC_Coolness/Info.plist;
				LD_RUNPATH_SEARCH_PATHS = (
					"$(inherited)",
					"@executable_path/../Frameworks",
				);
				PRODUCT_BUNDLE_IDENTIFIER = "com.aboutobjects.training.ObjC-Coolness";
				PRODUCT_NAME = "$(TARGET_NAME)";
			};
			name = Debug;
		};
		B4A9FFFF2487EABE00FCD15E /* Release */ = {
			isa = XCBuildConfiguration;
			buildSettings = {
				ASSETCATALOG_COMPILER_APPICON_NAME = AppIcon;
				CODE_SIGN_ENTITLEMENTS = ObjC_Coolness/ObjC_Coolness.entitlements;
				CODE_SIGN_STYLE = Automatic;
				COMBINE_HIDPI_IMAGES = YES;
				INFOPLIST_FILE = ObjC_Coolness/Info.plist;
				LD_RUNPATH_SEARCH_PATHS = (
					"$(inherited)",
					"@executable_path/../Frameworks",
				);
				PRODUCT_BUNDLE_IDENTIFIER = "com.aboutobjects.training.ObjC-Coolness";
				PRODUCT_NAME = "$(TARGET_NAME)";
			};
			name = Release;
		};
/* End XCBuildConfiguration section */

/* Begin XCConfigurationList section */
		B4A9FFE72487EABD00FCD15E /* Build configuration list for PBXProject "ObjC_Coolness" */ = {
			isa = XCConfigurationList;
			buildConfigurations = (
				B4A9FFFB2487EABE00FCD15E /* Debug */,
				B4A9FFFC2487EABE00FCD15E /* Release */,
			);
			defaultConfigurationIsVisible = 0;
			defaultConfigurationName = Release;
		};
		B4A9FFFD2487EABE00FCD15E /* Build configuration list for PBXNativeTarget "ObjC_Coolness" */ = {
			isa = XCConfigurationList;
			buildConfigurations = (
				B4A9FFFE2487EABE00FCD15E /* Debug */,
				B4A9FFFF2487EABE00FCD15E /* Release */,
			);
			defaultConfigurationIsVisible = 0;
			defaultConfigurationName = Release;
		};
/* End XCConfigurationList section */
	};
	rootObject = B4A9FFE42487EABD00FCD15E /* Project object */;
}
